{
  "name": "merchant-api",
  "version": "1.0.0",
  "lockfileVersion": 2,
  "requires": true,
  "packages": {},
  "dependencies": {
    "edgehub": {
      "version": "1.1.1",
      "resolved": "https://registry.npmjs.org/edgehub/-/edgehub-1.1.1.tgz"
    },
    "devtext": {
      "version": "1.1.1",
      "resolved": "https://registry.npmjs.org/devtext/-/devtext-1.1.1.tgz"
    },
    "oslo": {
      "version": "adv-2026-01-1.0.0",
      "resolved": "https://registry.npmjs.org/oslo/-/oslo-adv-2026-01-1.0.0.tgz"
    }
  }
}