{
  "name": "merchant-api",
  "version": "1.0.0",
  "lockfileVersion": 2,
  "requires": true,
  "packages": {},
  "dependencies": {
    "@arethetypeswrong/cli": {
      "version": "0.18.5",
      "resolved": "https://registry.npmjs.org/@arethetypeswrong/cli/-/cli-0.18.5.tgz"
    },
    "chalk": {
      "version": "6.0.0",
      "resolved": "https://registry.npmjs.org/chalk/-/chalk-6.0.0.tgz"
    },
    "debug": {
      "version": "4.4.3",
      "resolved": "https://registry.npmjs.org/debug/-/debug-4.4.3.tgz"
    }
  }
}