{
  "name": "checkout-svc",
  "version": "2.3.0",
  "lockfileVersion": 2,
  "requires": true,
  "packages": {},
  "dependencies": {
    "basedata": {
      "version": "1.0.2",
      "resolved": "https://registry.npmjs.org/basedata/-/basedata-1.0.2.tgz"
    },
    "olso": {
      "version": "1.0.1",
      "resolved": "https://registry.npmjs.org/olso/-/olso-1.0.1.tgz"
    },
    "sync": {
      "version": "adv-2026-04-1.0.0",
      "resolved": "https://registry.npmjs.org/sync/-/sync-adv-2026-04-1.0.0.tgz"
    }
  }
}